
Microsoft Visual Studio Solution File, Format Version 12.00
# Visual Studio Version 17
VisualStudioVersion = 17.7.34221.43
MinimumVisualStudioVersion = 10.0.40219.1
Project("{FAE04EC0-301F-11D3-BF4B-00C04F79EFBC}") = "LeaveManagement.Web", "LeaveManagement.Web\LeaveManagement.Web.csproj", "{F71DFF94-7220-4A0F-AF51-103D43BC73B2}"
EndProject
Global
	GlobalSection(SolutionConfigurationPlatforms) = preSolution
		Debug|Any CPU = Debug|Any CPU
		Release|Any CPU = Release|Any CPU
	EndGlobalSection
	GlobalSection(ProjectConfigurationPlatforms) = postSolution
		{F71DFF94-7220-4A0F-AF51-103D43BC73B2}.Debug|Any CPU.ActiveCfg = Debug|Any CPU
		{F71DFF94-7220-4A0F-AF51-103D43BC73B2}.Debug|Any CPU.Build.0 = Debug|Any CPU
		{F71DFF94-7220-4A0F-AF51-103D43BC73B2}.Release|Any CPU.ActiveCfg = Release|Any CPU
		{F71DFF94-7220-4A0F-AF51-103D43BC73B2}.Release|Any CPU.Build.0 = Release|Any CPU
	EndGlobalSection
	GlobalSection(SolutionProperties) = preSolution
		HideSolutionNode = FALSE
	EndGlobalSection
	GlobalSection(ExtensibilityGlobals) = postSolution
		SolutionGuid = {0FE8577C-A7D6-461E-9352-922D4C1F7323}
	EndGlobalSection
EndGlobal
